<?xml version="1.0" encoding="utf-8"?>
<Project ToolsVersion="4.0" xmlns="http://schemas.microsoft.com/developer/msbuild/2003">
  <ItemGroup>
    <Filter Include="Source Files">
      <UniqueIdentifier>{4FC737F1-C7A5-4376-A066-2A32D752A2FF}</UniqueIdentifier>
      <Extensions>cpp;c;cc;cxx;def;odl;idl;hpj;bat;asm;asmx</Extensions>
    </Filter>
    <Filter Include="Header Files">
      <UniqueIdentifier>{93995380-89BD-4b04-88EB-625FBE52EBFB}</UniqueIdentifier>
      <Extensions>h;hh;hpp;hxx;hm;inl;inc;xsd</Extensions>
    </Filter>
    <Filter Include="Resource Files">
      <UniqueIdentifier>{67DA6AB6-F800-4c08-8B7A-83BB121AAD01}</UniqueIdentifier>
      <Extensions>rc;ico;cur;bmp;dlg;rc2;rct;bin;rgs;gif;jpg;jpeg;jpe;resx;tiff;tif;png;wav;mfcribbon-ms</Extensions>
    </Filter>
    <Filter Include="Header Files\DLL Implementation">
      <UniqueIdentifier>{c3a62308-6f71-4525-a2c6-713e4acf931c}</UniqueIdentifier>
    </Filter>
    <Filter Include="Header Files\CMD Implementation">
      <UniqueIdentifier>{04754682-d083-4a07-8949-47cb694751ee}</UniqueIdentifier>
    </Filter>
    <Filter Include="Source Files\DLL Implementation">
      <UniqueIdentifier>{708ca3a0-e797-4243-a035-8379f9190fee}</UniqueIdentifier>
    </Filter>
    <Filter Include="Source Files\CMD Implementation">
      <UniqueIdentifier>{25160d6d-1978-4d4a-912d-b9812f2978e6}</UniqueIdentifier>
    </Filter>
    <Filter Include="Header Files\DLL Implementation\Muxing">
      <UniqueIdentifier>{59dd0a20-e112-4719-afb8-282ce0dd44a2}</UniqueIdentifier>
    </Filter>
    <Filter Include="Source Files\DLL Implementation\Muxing">
      <UniqueIdentifier>{9cf9173a-a414-43aa-a0df-ba79e15867cf}</UniqueIdentifier>
    </Filter>
  </ItemGroup>
  <ItemGroup>
    <ClCompile Include="..\Includes\glad\glad.c">
      <Filter>Source Files</Filter>
    </ClCompile>
    <ClCompile Include="main.cpp">
      <Filter>Source Files</Filter>
    </ClCompile>
    <ClCompile Include="FFMPEG_Encoder.cpp">
      <Filter>Source Files\DLL Implementation</Filter>
    </ClCompile>
    <ClCompile Include="ffmpeg_template-dll.cpp">
      <Filter>Source Files\DLL Implementation</Filter>
    </ClCompile>
    <ClCompile Include="ffmpeg_template-cmd.cpp">
      <Filter>Source Files\CMD Implementation</Filter>
    </ClCompile>
    <ClCompile Include="FFMPEG_EncoderCMD.cpp">
      <Filter>Source Files</Filter>
    </ClCompile>
    <ClCompile Include="FFMPEG_Muxing.cpp">
      <Filter>Source Files\DLL Implementation\Muxing</Filter>
    </ClCompile>
  </ItemGroup>
  <ItemGroup>
    <ClInclude Include="camera.h">
      <Filter>Header Files</Filter>
    </ClInclude>
    <ClInclude Include="Shader.h">
      <Filter>Header Files</Filter>
    </ClInclude>
    <ClInclude Include="FFMPEG_Encoder.h">
      <Filter>Header Files\DLL Implementation</Filter>
    </ClInclude>
    <ClInclude Include="LIBPNG_Capture.h">
      <Filter>Header Files\DLL Implementation</Filter>
    </ClInclude>
    <ClInclude Include="FFMPEG_EncoderCMD.h">
      <Filter>Header Files\CMD Implementation</Filter>
    </ClInclude>
    <ClInclude Include="FFMPEG_Help.h">
      <Filter>Header Files\DLL Implementation</Filter>
    </ClInclude>
    <ClInclude Include="FFMPEG_Muxing.h">
      <Filter>Header Files\DLL Implementation\Muxing</Filter>
    </ClInclude>
    <ClInclude Include="FFMPEG_AudioStream.h">
      <Filter>Header Files\DLL Implementation\Muxing</Filter>
    </ClInclude>
  </ItemGroup>
</Project>