<?xml version="1.0" encoding="utf-8"?>
<Project ToolsVersion="4.0" xmlns="http://schemas.microsoft.com/developer/msbuild/2003">
  <ItemGroup>
    <Filter Include="Source Files">
      <UniqueIdentifier>{4FC737F1-C7A5-4376-A066-2A32D752A2FF}</UniqueIdentifier>
      <Extensions>cpp;c;cc;cxx;def;odl;idl;hpj;bat;asm;asmx</Extensions>
    </Filter>
    <Filter Include="Header Files">
      <UniqueIdentifier>{93995380-89BD-4b04-88EB-625FBE52EBFB}</UniqueIdentifier>
      <Extensions>h;hh;hpp;hxx;hm;inl;inc;xsd</Extensions>
    </Filter>
    <Filter Include="Resource Files">
      <UniqueIdentifier>{67DA6AB6-F800-4c08-8B7A-83BB121AAD01}</UniqueIdentifier>
      <Extensions>rc;ico;cur;bmp;dlg;rc2;rct;bin;rgs;gif;jpg;jpeg;jpe;resx;tiff;tif;png;wav;mfcribbon-ms</Extensions>
    </Filter>
    <Filter Include="Header Files\Input">
      <UniqueIdentifier>{a234111c-2ead-4088-bf27-dfa19ce01df3}</UniqueIdentifier>
    </Filter>
    <Filter Include="Source Files\Input">
      <UniqueIdentifier>{06e8ebb7-4b3f-4c21-973e-7c12b75fb74a}</UniqueIdentifier>
    </Filter>
    <Filter Include="Source Files\Output">
      <UniqueIdentifier>{f14657bf-24df-46b9-baa9-a0da682a3554}</UniqueIdentifier>
    </Filter>
    <Filter Include="Header Files\Output">
      <UniqueIdentifier>{a7474cce-88a9-43e8-a7d3-de3e80b0f430}</UniqueIdentifier>
    </Filter>
  </ItemGroup>
  <ItemGroup>
    <ClCompile Include="Source.cpp">
      <Filter>Source Files</Filter>
    </ClCompile>
    <ClCompile Include="AudioFile.cpp">
      <Filter>Source Files\Input</Filter>
    </ClCompile>
    <ClCompile Include="AudioInterface.cpp">
      <Filter>Source Files\Input</Filter>
    </ClCompile>
    <ClCompile Include="AudioOutputMuxer.cpp">
      <Filter>Source Files\Output</Filter>
    </ClCompile>
    <ClCompile Include="FFMPEG_AudioEncoder.cpp">
      <Filter>Source Files\Output</Filter>
    </ClCompile>
    <ClCompile Include="AudioTransport.cpp">
      <Filter>Source Files\Input</Filter>
    </ClCompile>
    <ClCompile Include="AudioTrack.cpp">
      <Filter>Source Files\Input</Filter>
    </ClCompile>
  </ItemGroup>
  <ItemGroup>
    <ClInclude Include="AudioFile.h">
      <Filter>Header Files\Input</Filter>
    </ClInclude>
    <ClInclude Include="AudioInterface.h">
      <Filter>Header Files\Input</Filter>
    </ClInclude>
    <ClInclude Include="AudioOutputMuxer.h">
      <Filter>Header Files\Output</Filter>
    </ClInclude>
    <ClInclude Include="FFMPEG_AudioEncoder.h">
      <Filter>Header Files\Output</Filter>
    </ClInclude>
    <ClInclude Include="AudioTrack.h">
      <Filter>Header Files\Input</Filter>
    </ClInclude>
    <ClInclude Include="AudioTransport.h">
      <Filter>Header Files</Filter>
    </ClInclude>
  </ItemGroup>
</Project>