<?xml version="1.0" encoding="utf-8"?>
<Project ToolsVersion="4.0" xmlns="http://schemas.microsoft.com/developer/msbuild/2003">
  <ItemGroup>
    <Filter Include="Source Files">
      <UniqueIdentifier>{4FC737F1-C7A5-4376-A066-2A32D752A2FF}</UniqueIdentifier>
      <Extensions>cpp;c;cc;cxx;def;odl;idl;hpj;bat;asm;asmx</Extensions>
    </Filter>
    <Filter Include="Header Files">
      <UniqueIdentifier>{93995380-89BD-4b04-88EB-625FBE52EBFB}</UniqueIdentifier>
      <Extensions>h;hh;hpp;hxx;hm;inl;inc;xsd</Extensions>
    </Filter>
    <Filter Include="Resource Files">
      <UniqueIdentifier>{67DA6AB6-F800-4c08-8B7A-83BB121AAD01}</UniqueIdentifier>
      <Extensions>rc;ico;cur;bmp;dlg;rc2;rct;bin;rgs;gif;jpg;jpeg;jpe;resx;tiff;tif;png;wav;mfcribbon-ms</Extensions>
    </Filter>
    <Filter Include="Header Files\Graphics">
      <UniqueIdentifier>{efa638b5-0549-452d-a352-4c8abc5e1476}</UniqueIdentifier>
    </Filter>
    <Filter Include="Source Files\Graphics">
      <UniqueIdentifier>{8de58a76-91c9-4a7f-b1ec-9ea084ab5c39}</UniqueIdentifier>
    </Filter>
    <Filter Include="Source Files\Graphics\imgui">
      <UniqueIdentifier>{a5ff7cdd-1aac-44c2-91bd-839bf630311c}</UniqueIdentifier>
    </Filter>
    <Filter Include="Header Files\Graphics\imgui">
      <UniqueIdentifier>{e7f893fd-02d3-4d62-840f-afa3e28a72b5}</UniqueIdentifier>
    </Filter>
    <Filter Include="Source Files\Includes">
      <UniqueIdentifier>{3b16f034-704a-4b5c-b6c2-f9cf78182104}</UniqueIdentifier>
    </Filter>
    <Filter Include="Header Files\Audio Modules">
      <UniqueIdentifier>{cd4ecbc4-642d-47e7-90c9-82757c6008cc}</UniqueIdentifier>
    </Filter>
    <Filter Include="Source Files\Audio Modules">
      <UniqueIdentifier>{2dbeffd9-2404-4644-8fc1-d594fad7c77b}</UniqueIdentifier>
    </Filter>
    <Filter Include="Source Files\Graphics\Visualisations">
      <UniqueIdentifier>{8aff6159-ffe3-410d-b4b0-6870590f13be}</UniqueIdentifier>
    </Filter>
    <Filter Include="Header Files\Graphics\Visualisations">
      <UniqueIdentifier>{86764f44-ae0a-4bd8-bc68-97077704019d}</UniqueIdentifier>
    </Filter>
  </ItemGroup>
  <ItemGroup>
    <ClCompile Include="Recorder.cpp">
      <Filter>Source Files\Audio Modules</Filter>
    </ClCompile>
    <ClCompile Include="Buffer.cpp">
      <Filter>Source Files\Audio Modules</Filter>
    </ClCompile>
    <ClCompile Include="..\Includes\glad\glad.c">
      <Filter>Source Files\Graphics</Filter>
    </ClCompile>
    <ClCompile Include="main.cpp">
      <Filter>Source Files</Filter>
    </ClCompile>
    <ClCompile Include="..\Includes\imgui\imgui.cpp">
      <Filter>Source Files\Graphics\imgui</Filter>
    </ClCompile>
    <ClCompile Include="..\Includes\imgui\examples\imgui_impl_glfw.cpp">
      <Filter>Source Files\Graphics\imgui</Filter>
    </ClCompile>
    <ClCompile Include="..\Includes\imgui\examples\imgui_impl_opengl3.cpp">
      <Filter>Source Files\Graphics\imgui</Filter>
    </ClCompile>
    <ClCompile Include="..\Includes\imgui\imgui_draw.cpp">
      <Filter>Source Files\Graphics\imgui</Filter>
    </ClCompile>
    <ClCompile Include="..\Includes\imgui\imgui_demo.cpp">
      <Filter>Source Files\Graphics\imgui</Filter>
    </ClCompile>
    <ClCompile Include="Visualisation_Oscilloscope.cpp">
      <Filter>Source Files\Graphics\Visualisations</Filter>
    </ClCompile>
    <ClCompile Include="Shader.cpp">
      <Filter>Source Files\Graphics\Visualisations</Filter>
    </ClCompile>
  </ItemGroup>
  <ItemGroup>
    <ClInclude Include="Buffer.h">
      <Filter>Header Files\Audio Modules</Filter>
    </ClInclude>
    <ClInclude Include="Recorder.h">
      <Filter>Header Files\Audio Modules</Filter>
    </ClInclude>
    <ClInclude Include="..\Includes\imgui\imgui.h">
      <Filter>Header Files\Graphics\imgui</Filter>
    </ClInclude>
    <ClInclude Include="..\Includes\imgui\imgui_internal.h">
      <Filter>Header Files\Graphics\imgui</Filter>
    </ClInclude>
    <ClInclude Include="..\Includes\imgui\imconfig.h">
      <Filter>Header Files\Graphics\imgui</Filter>
    </ClInclude>
    <ClInclude Include="..\Includes\imgui\stb_rect_pack.h">
      <Filter>Header Files\Graphics\imgui</Filter>
    </ClInclude>
    <ClInclude Include="..\Includes\imgui\stb_textedit.h">
      <Filter>Header Files\Graphics\imgui</Filter>
    </ClInclude>
    <ClInclude Include="..\Includes\imgui\stb_truetype.h">
      <Filter>Header Files\Graphics\imgui</Filter>
    </ClInclude>
    <ClInclude Include="Visualisation_Oscilloscope.h">
      <Filter>Header Files\Graphics\Visualisations</Filter>
    </ClInclude>
    <ClInclude Include="Shader.h">
      <Filter>Header Files\Graphics\Visualisations</Filter>
    </ClInclude>
    <ClInclude Include="Vertex.h">
      <Filter>Header Files\Graphics\Visualisations</Filter>
    </ClInclude>
  </ItemGroup>
</Project>